// !$*UTF8*$!
{
	archiveVersion = 1;
	classes = {
	};
	objectVersion = 46;
	objects = {

/* Begin PBXBuildFile section */
		2BB604801C7AE2EF0095DE30 /* AppDelegate.swift in Sources */ = {isa = PBXBuildFile; fileRef = 2BB6047F1C7AE2EF0095DE30 /* AppDelegate.swift */; };
		2BB604821C7AE2EF0095DE30 /* ViewController.swift in Sources */ = {isa = PBXBuildFile; fileRef = 2BB604811C7AE2EF0095DE30 /* ViewController.swift */; };
		2BB604851C7AE2EF0095DE30 /* Main.storyboard in Resources */ = {isa = PBXBuildFile; fileRef = 2BB604831C7AE2EF0095DE30 /* Main.storyboard */; };
		2BB604871C7AE2EF0095DE30 /* Assets.xcassets in Resources */ = {isa = PBXBuildFile; fileRef = 2BB604861C7AE2EF0095DE30 /* Assets.xcassets */; };
		2BB6048A1C7AE2EF0095DE30 /* LaunchScreen.storyboard in Resources */ = {isa = PBXBuildFile; fileRef = 2BB604881C7AE2EF0095DE30 /* LaunchScreen.storyboard */; };
		2BB604921C7AE7840095DE30 /* HTTPClient.swift in Sources */ = {isa = PBXBuildFile; fileRef = 2BB604911C7AE7840095DE30 /* HTTPClient.swift */; };
		2BB604951C7AEF730095DE30 /* Album.swift in Sources */ = {isa = PBXBuildFile; fileRef = 2BB604941C7AEF730095DE30 /* Album.swift */; };
		2BB604991C7AF3F10095DE30 /* AlbumView.swift in Sources */ = {isa = PBXBuildFile; fileRef = 2BB604981C7AF3F10095DE30 /* AlbumView.swift */; };
		2BB6049E1C7B01B00095DE30 /* LibraryAPI.swift in Sources */ = {isa = PBXBuildFile; fileRef = 2BB6049D1C7B01B00095DE30 /* LibraryAPI.swift */; };
		2BB604A01C7B03B50095DE30 /* PersistencyManager.swift in Sources */ = {isa = PBXBuildFile; fileRef = 2BB6049F1C7B03B50095DE30 /* PersistencyManager.swift */; };
		2BB604A21C7BF2D40095DE30 /* AlbumExtensions.swift in Sources */ = {isa = PBXBuildFile; fileRef = 2BB604A11C7BF2D40095DE30 /* AlbumExtensions.swift */; };
		2BB604A61C7BFF9C0095DE30 /* HorizontalScroller.swift in Sources */ = {isa = PBXBuildFile; fileRef = 2BB604A51C7BFF9C0095DE30 /* HorizontalScroller.swift */; };
/* End PBXBuildFile section */

/* Begin PBXFileReference section */
		2BB6047C1C7AE2EF0095DE30 /* MusicLibrary.app */ = {isa = PBXFileReference; explicitFileType = wrapper.application; includeInIndex = 0; path = MusicLibrary.app; sourceTree = BUILT_PRODUCTS_DIR; };
		2BB6047F1C7AE2EF0095DE30 /* AppDelegate.swift */ = {isa = PBXFileReference; lastKnownFileType = sourcecode.swift; path = AppDelegate.swift; sourceTree = "<group>"; };
		2BB604811C7AE2EF0095DE30 /* ViewController.swift */ = {isa = PBXFileReference; lastKnownFileType = sourcecode.swift; path = ViewController.swift; sourceTree = "<group>"; };
		2BB604841C7AE2EF0095DE30 /* Base */ = {isa = PBXFileReference; lastKnownFileType = file.storyboard; name = Base; path = Base.lproj/Main.storyboard; sourceTree = "<group>"; };
		2BB604861C7AE2EF0095DE30 /* Assets.xcassets */ = {isa = PBXFileReference; lastKnownFileType = folder.assetcatalog; path = Assets.xcassets; sourceTree = "<group>"; };
		2BB604891C7AE2EF0095DE30 /* Base */ = {isa = PBXFileReference; lastKnownFileType = file.storyboard; name = Base; path = Base.lproj/LaunchScreen.storyboard; sourceTree = "<group>"; };
		2BB6048B1C7AE2EF0095DE30 /* Info.plist */ = {isa = PBXFileReference; lastKnownFileType = text.plist.xml; path = Info.plist; sourceTree = "<group>"; };
		2BB604911C7AE7840095DE30 /* HTTPClient.swift */ = {isa = PBXFileReference; fileEncoding = 4; lastKnownFileType = sourcecode.swift; path = HTTPClient.swift; sourceTree = "<group>"; };
		2BB604941C7AEF730095DE30 /* Album.swift */ = {isa = PBXFileReference; fileEncoding = 4; lastKnownFileType = sourcecode.swift; path = Album.swift; sourceTree = "<group>"; };
		2BB604981C7AF3F10095DE30 /* AlbumView.swift */ = {isa = PBXFileReference; fileEncoding = 4; lastKnownFileType = sourcecode.swift; path = AlbumView.swift; sourceTree = "<group>"; };
		2BB6049D1C7B01B00095DE30 /* LibraryAPI.swift */ = {isa = PBXFileReference; fileEncoding = 4; lastKnownFileType = sourcecode.swift; path = LibraryAPI.swift; sourceTree = "<group>"; };
		2BB6049F1C7B03B50095DE30 /* PersistencyManager.swift */ = {isa = PBXFileReference; fileEncoding = 4; lastKnownFileType = sourcecode.swift; path = PersistencyManager.swift; sourceTree = "<group>"; };
		2BB604A11C7BF2D40095DE30 /* AlbumExtensions.swift */ = {isa = PBXFileReference; fileEncoding = 4; lastKnownFileType = sourcecode.swift; path = AlbumExtensions.swift; sourceTree = "<group>"; };
		2BB604A51C7BFF9C0095DE30 /* HorizontalScroller.swift */ = {isa = PBXFileReference; fileEncoding = 4; lastKnownFileType = sourcecode.swift; path = HorizontalScroller.swift; sourceTree = "<group>"; };
/* End PBXFileReference section */

/* Begin PBXFrameworksBuildPhase section */
		2BB604791C7AE2EF0095DE30 /* Frameworks */ = {
			isa = PBXFrameworksBuildPhase;
			buildActionMask = 2147483647;
			files = (
			);
			runOnlyForDeploymentPostprocessing = 0;
		};
/* End PBXFrameworksBuildPhase section */

/* Begin PBXGroup section */
		2BB604731C7AE2EF0095DE30 = {
			isa = PBXGroup;
			children = (
				2BB6047E1C7AE2EF0095DE30 /* MusicLibrary */,
				2BB6047D1C7AE2EF0095DE30 /* Products */,
			);
			sourceTree = "<group>";
		};
		2BB6047D1C7AE2EF0095DE30 /* Products */ = {
			isa = PBXGroup;
			children = (
				2BB6047C1C7AE2EF0095DE30 /* MusicLibrary.app */,
			);
			name = Products;
			sourceTree = "<group>";
		};
		2BB6047E1C7AE2EF0095DE30 /* MusicLibrary */ = {
			isa = PBXGroup;
			children = (
				2BB604931C7AE78C0095DE30 /* API */,
				2BB6047F1C7AE2EF0095DE30 /* AppDelegate.swift */,
				2BB6049C1C7B01740095DE30 /* Controller */,
				2BB6049B1C7B01660095DE30 /* Model */,
				2BB6049A1C7B01580095DE30 /* View */,
				2BB604831C7AE2EF0095DE30 /* Main.storyboard */,
				2BB604861C7AE2EF0095DE30 /* Assets.xcassets */,
				2BB604881C7AE2EF0095DE30 /* LaunchScreen.storyboard */,
				2BB6048B1C7AE2EF0095DE30 /* Info.plist */,
			);
			path = MusicLibrary;
			sourceTree = "<group>";
		};
		2BB604931C7AE78C0095DE30 /* API */ = {
			isa = PBXGroup;
			children = (
				2BB604911C7AE7840095DE30 /* HTTPClient.swift */,
				2BB6049D1C7B01B00095DE30 /* LibraryAPI.swift */,
				2BB6049F1C7B03B50095DE30 /* PersistencyManager.swift */,
			);
			name = API;
			sourceTree = "<group>";
		};
		2BB6049A1C7B01580095DE30 /* View */ = {
			isa = PBXGroup;
			children = (
				2BB604981C7AF3F10095DE30 /* AlbumView.swift */,
				2BB604A51C7BFF9C0095DE30 /* HorizontalScroller.swift */,
			);
			name = View;
			sourceTree = "<group>";
		};
		2BB6049B1C7B01660095DE30 /* Model */ = {
			isa = PBXGroup;
			children = (
				2BB604941C7AEF730095DE30 /* Album.swift */,
				2BB604A11C7BF2D40095DE30 /* AlbumExtensions.swift */,
			);
			name = Model;
			sourceTree = "<group>";
		};
		2BB6049C1C7B01740095DE30 /* Controller */ = {
			isa = PBXGroup;
			children = (
				2BB604811C7AE2EF0095DE30 /* ViewController.swift */,
			);
			name = Controller;
			sourceTree = "<group>";
		};
/* End PBXGroup section */

/* Begin PBXNativeTarget section */
		2BB6047B1C7AE2EF0095DE30 /* MusicLibrary */ = {
			isa = PBXNativeTarget;
			buildConfigurationList = 2BB6048E1C7AE2EF0095DE30 /* Build configuration list for PBXNativeTarget "MusicLibrary" */;
			buildPhases = (
				2BB604781C7AE2EF0095DE30 /* Sources */,
				2BB604791C7AE2EF0095DE30 /* Frameworks */,
				2BB6047A1C7AE2EF0095DE30 /* Resources */,
			);
			buildRules = (
			);
			dependencies = (
			);
			name = MusicLibrary;
			productName = MusicLibrary;
			productReference = 2BB6047C1C7AE2EF0095DE30 /* MusicLibrary.app */;
			productType = "com.apple.product-type.application";
		};
/* End PBXNativeTarget section */

/* Begin PBXProject section */
		2BB604741C7AE2EF0095DE30 /* Project object */ = {
			isa = PBXProject;
			attributes = {
				LastSwiftUpdateCheck = 0720;
				LastUpgradeCheck = 0720;
				ORGANIZATIONNAME = Robin;
				TargetAttributes = {
					2BB6047B1C7AE2EF0095DE30 = {
						CreatedOnToolsVersion = 7.2.1;
					};
				};
			};
			buildConfigurationList = 2BB604771C7AE2EF0095DE30 /* Build configuration list for PBXProject "MusicLibrary" */;
			compatibilityVersion = "Xcode 3.2";
			developmentRegion = English;
			hasScannedForEncodings = 0;
			knownRegions = (
				en,
				Base,
			);
			mainGroup = 2BB604731C7AE2EF0095DE30;
			productRefGroup = 2BB6047D1C7AE2EF0095DE30 /* Products */;
			projectDirPath = "";
			projectRoot = "";
			targets = (
				2BB6047B1C7AE2EF0095DE30 /* MusicLibrary */,
			);
		};
/* End PBXProject section */

/* Begin PBXResourcesBuildPhase section */
		2BB6047A1C7AE2EF0095DE30 /* Resources */ = {
			isa = PBXResourcesBuildPhase;
			buildActionMask = 2147483647;
			files = (
				2BB6048A1C7AE2EF0095DE30 /* LaunchScreen.storyboard in Resources */,
				2BB604871C7AE2EF0095DE30 /* Assets.xcassets in Resources */,
				2BB604851C7AE2EF0095DE30 /* Main.storyboard in Resources */,
			);
			runOnlyForDeploymentPostprocessing = 0;
		};
/* End PBXResourcesBuildPhase section */

/* Begin PBXSourcesBuildPhase section */
		2BB604781C7AE2EF0095DE30 /* Sources */ = {
			isa = PBXSourcesBuildPhase;
			buildActionMask = 2147483647;
			files = (
				2BB604821C7AE2EF0095DE30 /* ViewController.swift in Sources */,
				2BB604A21C7BF2D40095DE30 /* AlbumExtensions.swift in Sources */,
				2BB604801C7AE2EF0095DE30 /* AppDelegate.swift in Sources */,
				2BB6049E1C7B01B00095DE30 /* LibraryAPI.swift in Sources */,
				2BB604A61C7BFF9C0095DE30 /* HorizontalScroller.swift in Sources */,
				2BB604921C7AE7840095DE30 /* HTTPClient.swift in Sources */,
				2BB604991C7AF3F10095DE30 /* AlbumView.swift in Sources */,
				2BB604951C7AEF730095DE30 /* Album.swift in Sources */,
				2BB604A01C7B03B50095DE30 /* PersistencyManager.swift in Sources */,
			);
			runOnlyForDeploymentPostprocessing = 0;
		};
/* End PBXSourcesBuildPhase section */

/* Begin PBXVariantGroup section */
		2BB604831C7AE2EF0095DE30 /* Main.storyboard */ = {
			isa = PBXVariantGroup;
			children = (
				2BB604841C7AE2EF0095DE30 /* Base */,
			);
			name = Main.storyboard;
			sourceTree = "<group>";
		};
		2BB604881C7AE2EF0095DE30 /* LaunchScreen.storyboard */ = {
			isa = PBXVariantGroup;
			children = (
				2BB604891C7AE2EF0095DE30 /* Base */,
			);
			name = LaunchScreen.storyboard;
			sourceTree = "<group>";
		};
/* End PBXVariantGroup section */

/* Begin XCBuildConfiguration section */
		2BB6048C1C7AE2EF0095DE30 /* Debug */ = {
			isa = XCBuildConfiguration;
			buildSettings = {
				ALWAYS_SEARCH_USER_PATHS = NO;
				CLANG_CXX_LANGUAGE_STANDARD = "gnu++0x";
				CLANG_CXX_LIBRARY = "libc++";
				CLANG_ENABLE_MODULES = YES;
				CLANG_ENABLE_OBJC_ARC = YES;
				CLANG_WARN_BOOL_CONVERSION = YES;
				CLANG_WARN_CONSTANT_CONVERSION = YES;
				CLANG_WARN_DIRECT_OBJC_ISA_USAGE = YES_ERROR;
				CLANG_WARN_EMPTY_BODY = YES;
				CLANG_WARN_ENUM_CONVERSION = YES;
				CLANG_WARN_INT_CONVERSION = YES;
				CLANG_WARN_OBJC_ROOT_CLASS = YES_ERROR;
				CLANG_WARN_UNREACHABLE_CODE = YES;
				CLANG_WARN__DUPLICATE_METHOD_MATCH = YES;
				"CODE_SIGN_IDENTITY[sdk=iphoneos*]" = "iPhone Developer";
				COPY_PHASE_STRIP = NO;
				DEBUG_INFORMATION_FORMAT = dwarf;
				ENABLE_STRICT_OBJC_MSGSEND = YES;
				ENABLE_TESTABILITY = YES;
				GCC_C_LANGUAGE_STANDARD = gnu99;
				GCC_DYNAMIC_NO_PIC = NO;
				GCC_NO_COMMON_BLOCKS = YES;
				GCC_OPTIMIZATION_LEVEL = 0;
				GCC_PREPROCESSOR_DEFINITIONS = (
					"DEBUG=1",
					"$(inherited)",
				);
				GCC_WARN_64_TO_32_BIT_CONVERSION = YES;
				GCC_WARN_ABOUT_RETURN_TYPE = YES_ERROR;
				GCC_WARN_UNDECLARED_SELECTOR = YES;
				GCC_WARN_UNINITIALIZED_AUTOS = YES_AGGRESSIVE;
				GCC_WARN_UNUSED_FUNCTION = YES;
				GCC_WARN_UNUSED_VARIABLE = YES;
				IPHONEOS_DEPLOYMENT_TARGET = 9.2;
				MTL_ENABLE_DEBUG_INFO = YES;
				ONLY_ACTIVE_ARCH = YES;
				SDKROOT = iphoneos;
				SWIFT_OPTIMIZATION_LEVEL = "-Onone";
				TARGETED_DEVICE_FAMILY = "1,2";
			};
			name = Debug;
		};
		2BB6048D1C7AE2EF0095DE30 /* Release */ = {
			isa = XCBuildConfiguration;
			buildSettings = {
				ALWAYS_SEARCH_USER_PATHS = NO;
				CLANG_CXX_LANGUAGE_STANDARD = "gnu++0x";
				CLANG_CXX_LIBRARY = "libc++";
				CLANG_ENABLE_MODULES = YES;
				CLANG_ENABLE_OBJC_ARC = YES;
				CLANG_WARN_BOOL_CONVERSION = YES;
				CLANG_WARN_CONSTANT_CONVERSION = YES;
				CLANG_WARN_DIRECT_OBJC_ISA_USAGE = YES_ERROR;
				CLANG_WARN_EMPTY_BODY = YES;
				CLANG_WARN_ENUM_CONVERSION = YES;
				CLANG_WARN_INT_CONVERSION = YES;
				CLANG_WARN_OBJC_ROOT_CLASS = YES_ERROR;
				CLANG_WARN_UNREACHABLE_CODE = YES;
				CLANG_WARN__DUPLICATE_METHOD_MATCH = YES;
				"CODE_SIGN_IDENTITY[sdk=iphoneos*]" = "iPhone Developer";
				COPY_PHASE_STRIP = NO;
				DEBUG_INFORMATION_FORMAT = "dwarf-with-dsym";
				ENABLE_NS_ASSERTIONS = NO;
				ENABLE_STRICT_OBJC_MSGSEND = YES;
				GCC_C_LANGUAGE_STANDARD = gnu99;
				GCC_NO_COMMON_BLOCKS = YES;
				GCC_WARN_64_TO_32_BIT_CONVERSION = YES;
				GCC_WARN_ABOUT_RETURN_TYPE = YES_ERROR;
				GCC_WARN_UNDECLARED_SELECTOR = YES;
				GCC_WARN_UNINITIALIZED_AUTOS = YES_AGGRESSIVE;
				GCC_WARN_UNUSED_FUNCTION = YES;
				GCC_WARN_UNUSED_VARIABLE = YES;
				IPHONEOS_DEPLOYMENT_TARGET = 9.2;
				MTL_ENABLE_DEBUG_INFO = NO;
				SDKROOT = iphoneos;
				TARGETED_DEVICE_FAMILY = "1,2";
				VALIDATE_PRODUCT = YES;
			};
			name = Release;
		};
		2BB6048F1C7AE2EF0095DE30 /* Debug */ = {
			isa = XCBuildConfiguration;
			buildSettings = {
				ASSETCATALOG_COMPILER_APPICON_NAME = AppIcon;
				INFOPLIST_FILE = MusicLibrary/Info.plist;
				IPHONEOS_DEPLOYMENT_TARGET = 8.0;
				LD_RUNPATH_SEARCH_PATHS = "$(inherited) @executable_path/Frameworks";
				PRODUCT_BUNDLE_IDENTIFIER = tk.robinxu.MusicLibrary;
				PRODUCT_NAME = "$(TARGET_NAME)";
			};
			name = Debug;
		};
		2BB604901C7AE2EF0095DE30 /* Release */ = {
			isa = XCBuildConfiguration;
			buildSettings = {
				ASSETCATALOG_COMPILER_APPICON_NAME = AppIcon;
				INFOPLIST_FILE = MusicLibrary/Info.plist;
				IPHONEOS_DEPLOYMENT_TARGET = 8.0;
				LD_RUNPATH_SEARCH_PATHS = "$(inherited) @executable_path/Frameworks";
				PRODUCT_BUNDLE_IDENTIFIER = tk.robinxu.MusicLibrary;
				PRODUCT_NAME = "$(TARGET_NAME)";
			};
			name = Release;
		};
/* End XCBuildConfiguration section */

/* Begin XCConfigurationList section */
		2BB604771C7AE2EF0095DE30 /* Build configuration list for PBXProject "MusicLibrary" */ = {
			isa = XCConfigurationList;
			buildConfigurations = (
				2BB6048C1C7AE2EF0095DE30 /* Debug */,
				2BB6048D1C7AE2EF0095DE30 /* Release */,
			);
			defaultConfigurationIsVisible = 0;
			defaultConfigurationName = Release;
		};
		2BB6048E1C7AE2EF0095DE30 /* Build configuration list for PBXNativeTarget "MusicLibrary" */ = {
			isa = XCConfigurationList;
			buildConfigurations = (
				2BB6048F1C7AE2EF0095DE30 /* Debug */,
				2BB604901C7AE2EF0095DE30 /* Release */,
			);
			defaultConfigurationIsVisible = 0;
			defaultConfigurationName = Release;
		};
/* End XCConfigurationList section */
	};
	rootObject = 2BB604741C7AE2EF0095DE30 /* Project object */;
}
